
Microsoft Visual Studio Solution File, Format Version 12.00
# Visual Studio Version 17
VisualStudioVersion = 17.0.31903.59
MinimumVisualStudioVersion = 10.0.40219.1
Project("{2150E333-8FDC-42A3-9474-1A3956D46DE8}") = "src", "src", "{827E0CD3-B72D-47B6-A68D-7590B98EB39B}"
EndProject
Project("{FAE04EC0-301F-11D3-BF4B-00C04F79EFBC}") = "Hmi.Comms.Core", "src\Hmi.Comms.Core\Hmi.Comms.Core.csproj", "{D3EAEA0F-79DC-4915-A89E-8E93950956E5}"
EndProject
Project("{FAE04EC0-301F-11D3-BF4B-00C04F79EFBC}") = "Hmi.Comms.Server", "src\Hmi.Comms.Server\Hmi.Comms.Server.csproj", "{B79BAC75-4191-4B70-8320-BC6BD02F8F14}"
EndProject
Project("{FAE04EC0-301F-11D3-BF4B-00C04F79EFBC}") = "Hmi.Comms.Server.Tests", "test\Hmi.Comms.Server.Tests\Hmi.Comms.Server.Tests.csproj", "{D8E52B72-3417-457F-AAE2-AE949116269D}"
EndProject
Project("{FAE04EC0-301F-11D3-BF4B-00C04F79EFBC}") = "Hmi.Comms.Modbus", "src\Hmi.Comms.Modbus\Hmi.Comms.Modbus.csproj", "{284490D4-EAB5-42AE-8BE9-B8F523179820}"
EndProject
Project("{FAE04EC0-301F-11D3-BF4B-00C04F79EFBC}") = "Hmi.Comms.Core.Tests", "test\Hmi.Comms.Core.Tests\Hmi.Comms.Core.Tests.csproj", "{81AD2951-FBB3-4054-A6BA-3A50248AF2F2}"
EndProject
Project("{2150E333-8FDC-42A3-9474-1A3956D46DE8}") = "test", "test", "{0C88DD14-F956-CE84-757C-A364CCF449FC}"
EndProject
Project("{FAE04EC0-301F-11D3-BF4B-00C04F79EFBC}") = "Hmi.Comms.Modbus.Tests", "test\Hmi.Comms.Modbus.Tests\Hmi.Comms.Modbus.Tests.csproj", "{3DCC10D1-26C7-458B-B50C-40345A12117B}"
EndProject
Project("{FAE04EC0-301F-11D3-BF4B-00C04F79EFBC}") = "Hmi.Comms.Logix", "src\Hmi.Comms.Logix\Hmi.Comms.Logix.csproj", "{06CE7CE3-A9CD-49BD-84A8-A94772DADE80}"
EndProject
Project("{FAE04EC0-301F-11D3-BF4B-00C04F79EFBC}") = "Hmi.Comms.Logix.Tests", "test\Hmi.Comms.Logix.Tests\Hmi.Comms.Logix.Tests.csproj", "{41727FA1-1592-48CF-9066-B41226A37C2A}"
EndProject
Project("{FAE04EC0-301F-11D3-BF4B-00C04F79EFBC}") = "Hmi.Comms.Slc", "src\Hmi.Comms.Slc\Hmi.Comms.Slc.csproj", "{7488CD53-22CF-467F-AE01-9357DD52B805}"
EndProject
Project("{FAE04EC0-301F-11D3-BF4B-00C04F79EFBC}") = "Hmi.Comms.Slc.Tests", "test\Hmi.Comms.Slc.Tests\Hmi.Comms.Slc.Tests.csproj", "{81680807-6B17-4261-BD61-B42E25451679}"
EndProject
Global
	GlobalSection(SolutionConfigurationPlatforms) = preSolution
		Debug|Any CPU = Debug|Any CPU
		Debug|x64 = Debug|x64
		Debug|x86 = Debug|x86
		Release|Any CPU = Release|Any CPU
		Release|x64 = Release|x64
		Release|x86 = Release|x86
	EndGlobalSection
	GlobalSection(ProjectConfigurationPlatforms) = postSolution
		{D3EAEA0F-79DC-4915-A89E-8E93950956E5}.Debug|Any CPU.ActiveCfg = Debug|Any CPU
		{D3EAEA0F-79DC-4915-A89E-8E93950956E5}.Debug|Any CPU.Build.0 = Debug|Any CPU
		{D3EAEA0F-79DC-4915-A89E-8E93950956E5}.Debug|x64.ActiveCfg = Debug|Any CPU
		{D3EAEA0F-79DC-4915-A89E-8E93950956E5}.Debug|x64.Build.0 = Debug|Any CPU
		{D3EAEA0F-79DC-4915-A89E-8E93950956E5}.Debug|x86.ActiveCfg = Debug|Any CPU
		{D3EAEA0F-79DC-4915-A89E-8E93950956E5}.Debug|x86.Build.0 = Debug|Any CPU
		{D3EAEA0F-79DC-4915-A89E-8E93950956E5}.Release|Any CPU.ActiveCfg = Release|Any CPU
		{D3EAEA0F-79DC-4915-A89E-8E93950956E5}.Release|Any CPU.Build.0 = Release|Any CPU
		{D3EAEA0F-79DC-4915-A89E-8E93950956E5}.Release|x64.ActiveCfg = Release|Any CPU
		{D3EAEA0F-79DC-4915-A89E-8E93950956E5}.Release|x64.Build.0 = Release|Any CPU
		{D3EAEA0F-79DC-4915-A89E-8E93950956E5}.Release|x86.ActiveCfg = Release|Any CPU
		{D3EAEA0F-79DC-4915-A89E-8E93950956E5}.Release|x86.Build.0 = Release|Any CPU
		{B79BAC75-4191-4B70-8320-BC6BD02F8F14}.Debug|Any CPU.ActiveCfg = Debug|Any CPU
		{B79BAC75-4191-4B70-8320-BC6BD02F8F14}.Debug|Any CPU.Build.0 = Debug|Any CPU
		{B79BAC75-4191-4B70-8320-BC6BD02F8F14}.Debug|x64.ActiveCfg = Debug|Any CPU
		{B79BAC75-4191-4B70-8320-BC6BD02F8F14}.Debug|x64.Build.0 = Debug|Any CPU
		{B79BAC75-4191-4B70-8320-BC6BD02F8F14}.Debug|x86.ActiveCfg = Debug|Any CPU
		{B79BAC75-4191-4B70-8320-BC6BD02F8F14}.Debug|x86.Build.0 = Debug|Any CPU
		{B79BAC75-4191-4B70-8320-BC6BD02F8F14}.Release|Any CPU.ActiveCfg = Release|Any CPU
		{B79BAC75-4191-4B70-8320-BC6BD02F8F14}.Release|Any CPU.Build.0 = Release|Any CPU
		{B79BAC75-4191-4B70-8320-BC6BD02F8F14}.Release|x64.ActiveCfg = Release|Any CPU
		{B79BAC75-4191-4B70-8320-BC6BD02F8F14}.Release|x64.Build.0 = Release|Any CPU
		{B79BAC75-4191-4B70-8320-BC6BD02F8F14}.Release|x86.ActiveCfg = Release|Any CPU
		{B79BAC75-4191-4B70-8320-BC6BD02F8F14}.Release|x86.Build.0 = Release|Any CPU
		{D8E52B72-3417-457F-AAE2-AE949116269D}.Debug|Any CPU.ActiveCfg = Debug|Any CPU
		{D8E52B72-3417-457F-AAE2-AE949116269D}.Debug|Any CPU.Build.0 = Debug|Any CPU
		{D8E52B72-3417-457F-AAE2-AE949116269D}.Debug|x64.ActiveCfg = Debug|Any CPU
		{D8E52B72-3417-457F-AAE2-AE949116269D}.Debug|x64.Build.0 = Debug|Any CPU
		{D8E52B72-3417-457F-AAE2-AE949116269D}.Debug|x86.ActiveCfg = Debug|Any CPU
		{D8E52B72-3417-457F-AAE2-AE949116269D}.Debug|x86.Build.0 = Debug|Any CPU
		{D8E52B72-3417-457F-AAE2-AE949116269D}.Release|Any CPU.ActiveCfg = Release|Any CPU
		{D8E52B72-3417-457F-AAE2-AE949116269D}.Release|Any CPU.Build.0 = Release|Any CPU
		{D8E52B72-3417-457F-AAE2-AE949116269D}.Release|x64.ActiveCfg = Release|Any CPU
		{D8E52B72-3417-457F-AAE2-AE949116269D}.Release|x64.Build.0 = Release|Any CPU
		{D8E52B72-3417-457F-AAE2-AE949116269D}.Release|x86.ActiveCfg = Release|Any CPU
		{D8E52B72-3417-457F-AAE2-AE949116269D}.Release|x86.Build.0 = Release|Any CPU
		{284490D4-EAB5-42AE-8BE9-B8F523179820}.Debug|Any CPU.ActiveCfg = Debug|Any CPU
		{284490D4-EAB5-42AE-8BE9-B8F523179820}.Debug|Any CPU.Build.0 = Debug|Any CPU
		{284490D4-EAB5-42AE-8BE9-B8F523179820}.Debug|x64.ActiveCfg = Debug|Any CPU
		{284490D4-EAB5-42AE-8BE9-B8F523179820}.Debug|x64.Build.0 = Debug|Any CPU
		{284490D4-EAB5-42AE-8BE9-B8F523179820}.Debug|x86.ActiveCfg = Debug|Any CPU
		{284490D4-EAB5-42AE-8BE9-B8F523179820}.Debug|x86.Build.0 = Debug|Any CPU
		{284490D4-EAB5-42AE-8BE9-B8F523179820}.Release|Any CPU.ActiveCfg = Release|Any CPU
		{284490D4-EAB5-42AE-8BE9-B8F523179820}.Release|Any CPU.Build.0 = Release|Any CPU
		{284490D4-EAB5-42AE-8BE9-B8F523179820}.Release|x64.ActiveCfg = Release|Any CPU
		{284490D4-EAB5-42AE-8BE9-B8F523179820}.Release|x64.Build.0 = Release|Any CPU
		{284490D4-EAB5-42AE-8BE9-B8F523179820}.Release|x86.ActiveCfg = Release|Any CPU
		{284490D4-EAB5-42AE-8BE9-B8F523179820}.Release|x86.Build.0 = Release|Any CPU
		{81AD2951-FBB3-4054-A6BA-3A50248AF2F2}.Debug|Any CPU.ActiveCfg = Debug|Any CPU
		{81AD2951-FBB3-4054-A6BA-3A50248AF2F2}.Debug|Any CPU.Build.0 = Debug|Any CPU
		{81AD2951-FBB3-4054-A6BA-3A50248AF2F2}.Debug|x64.ActiveCfg = Debug|Any CPU
		{81AD2951-FBB3-4054-A6BA-3A50248AF2F2}.Debug|x64.Build.0 = Debug|Any CPU
		{81AD2951-FBB3-4054-A6BA-3A50248AF2F2}.Debug|x86.ActiveCfg = Debug|Any CPU
		{81AD2951-FBB3-4054-A6BA-3A50248AF2F2}.Debug|x86.Build.0 = Debug|Any CPU
		{81AD2951-FBB3-4054-A6BA-3A50248AF2F2}.Release|Any CPU.ActiveCfg = Release|Any CPU
		{81AD2951-FBB3-4054-A6BA-3A50248AF2F2}.Release|Any CPU.Build.0 = Release|Any CPU
		{81AD2951-FBB3-4054-A6BA-3A50248AF2F2}.Release|x64.ActiveCfg = Release|Any CPU
		{81AD2951-FBB3-4054-A6BA-3A50248AF2F2}.Release|x64.Build.0 = Release|Any CPU
		{81AD2951-FBB3-4054-A6BA-3A50248AF2F2}.Release|x86.ActiveCfg = Release|Any CPU
		{81AD2951-FBB3-4054-A6BA-3A50248AF2F2}.Release|x86.Build.0 = Release|Any CPU
		{3DCC10D1-26C7-458B-B50C-40345A12117B}.Debug|Any CPU.ActiveCfg = Debug|Any CPU
		{3DCC10D1-26C7-458B-B50C-40345A12117B}.Debug|Any CPU.Build.0 = Debug|Any CPU
		{3DCC10D1-26C7-458B-B50C-40345A12117B}.Debug|x64.ActiveCfg = Debug|Any CPU
		{3DCC10D1-26C7-458B-B50C-40345A12117B}.Debug|x64.Build.0 = Debug|Any CPU
		{3DCC10D1-26C7-458B-B50C-40345A12117B}.Debug|x86.ActiveCfg = Debug|Any CPU
		{3DCC10D1-26C7-458B-B50C-40345A12117B}.Debug|x86.Build.0 = Debug|Any CPU
		{3DCC10D1-26C7-458B-B50C-40345A12117B}.Release|Any CPU.ActiveCfg = Release|Any CPU
		{3DCC10D1-26C7-458B-B50C-40345A12117B}.Release|Any CPU.Build.0 = Release|Any CPU
		{3DCC10D1-26C7-458B-B50C-40345A12117B}.Release|x64.ActiveCfg = Release|Any CPU
		{3DCC10D1-26C7-458B-B50C-40345A12117B}.Release|x64.Build.0 = Release|Any CPU
		{3DCC10D1-26C7-458B-B50C-40345A12117B}.Release|x86.ActiveCfg = Release|Any CPU
		{3DCC10D1-26C7-458B-B50C-40345A12117B}.Release|x86.Build.0 = Release|Any CPU
		{06CE7CE3-A9CD-49BD-84A8-A94772DADE80}.Debug|Any CPU.ActiveCfg = Debug|Any CPU
		{06CE7CE3-A9CD-49BD-84A8-A94772DADE80}.Debug|Any CPU.Build.0 = Debug|Any CPU
		{06CE7CE3-A9CD-49BD-84A8-A94772DADE80}.Debug|x64.ActiveCfg = Debug|Any CPU
		{06CE7CE3-A9CD-49BD-84A8-A94772DADE80}.Debug|x64.Build.0 = Debug|Any CPU
		{06CE7CE3-A9CD-49BD-84A8-A94772DADE80}.Debug|x86.ActiveCfg = Debug|Any CPU
		{06CE7CE3-A9CD-49BD-84A8-A94772DADE80}.Debug|x86.Build.0 = Debug|Any CPU
		{06CE7CE3-A9CD-49BD-84A8-A94772DADE80}.Release|Any CPU.ActiveCfg = Release|Any CPU
		{06CE7CE3-A9CD-49BD-84A8-A94772DADE80}.Release|Any CPU.Build.0 = Release|Any CPU
		{06CE7CE3-A9CD-49BD-84A8-A94772DADE80}.Release|x64.ActiveCfg = Release|Any CPU
		{06CE7CE3-A9CD-49BD-84A8-A94772DADE80}.Release|x64.Build.0 = Release|Any CPU
		{06CE7CE3-A9CD-49BD-84A8-A94772DADE80}.Release|x86.ActiveCfg = Release|Any CPU
		{06CE7CE3-A9CD-49BD-84A8-A94772DADE80}.Release|x86.Build.0 = Release|Any CPU
		{41727FA1-1592-48CF-9066-B41226A37C2A}.Debug|Any CPU.ActiveCfg = Debug|Any CPU
		{41727FA1-1592-48CF-9066-B41226A37C2A}.Debug|Any CPU.Build.0 = Debug|Any CPU
		{41727FA1-1592-48CF-9066-B41226A37C2A}.Debug|x64.ActiveCfg = Debug|Any CPU
		{41727FA1-1592-48CF-9066-B41226A37C2A}.Debug|x64.Build.0 = Debug|Any CPU
		{41727FA1-1592-48CF-9066-B41226A37C2A}.Debug|x86.ActiveCfg = Debug|Any CPU
		{41727FA1-1592-48CF-9066-B41226A37C2A}.Debug|x86.Build.0 = Debug|Any CPU
		{41727FA1-1592-48CF-9066-B41226A37C2A}.Release|Any CPU.ActiveCfg = Release|Any CPU
		{41727FA1-1592-48CF-9066-B41226A37C2A}.Release|Any CPU.Build.0 = Release|Any CPU
		{41727FA1-1592-48CF-9066-B41226A37C2A}.Release|x64.ActiveCfg = Release|Any CPU
		{41727FA1-1592-48CF-9066-B41226A37C2A}.Release|x64.Build.0 = Release|Any CPU
		{41727FA1-1592-48CF-9066-B41226A37C2A}.Release|x86.ActiveCfg = Release|Any CPU
		{41727FA1-1592-48CF-9066-B41226A37C2A}.Release|x86.Build.0 = Release|Any CPU
		{7488CD53-22CF-467F-AE01-9357DD52B805}.Debug|Any CPU.ActiveCfg = Debug|Any CPU
		{7488CD53-22CF-467F-AE01-9357DD52B805}.Debug|Any CPU.Build.0 = Debug|Any CPU
		{7488CD53-22CF-467F-AE01-9357DD52B805}.Debug|x64.ActiveCfg = Debug|Any CPU
		{7488CD53-22CF-467F-AE01-9357DD52B805}.Debug|x64.Build.0 = Debug|Any CPU
		{7488CD53-22CF-467F-AE01-9357DD52B805}.Debug|x86.ActiveCfg = Debug|Any CPU
		{7488CD53-22CF-467F-AE01-9357DD52B805}.Debug|x86.Build.0 = Debug|Any CPU
		{7488CD53-22CF-467F-AE01-9357DD52B805}.Release|Any CPU.ActiveCfg = Release|Any CPU
		{7488CD53-22CF-467F-AE01-9357DD52B805}.Release|Any CPU.Build.0 = Release|Any CPU
		{7488CD53-22CF-467F-AE01-9357DD52B805}.Release|x64.ActiveCfg = Release|Any CPU
		{7488CD53-22CF-467F-AE01-9357DD52B805}.Release|x64.Build.0 = Release|Any CPU
		{7488CD53-22CF-467F-AE01-9357DD52B805}.Release|x86.ActiveCfg = Release|Any CPU
		{7488CD53-22CF-467F-AE01-9357DD52B805}.Release|x86.Build.0 = Release|Any CPU
		{81680807-6B17-4261-BD61-B42E25451679}.Debug|Any CPU.ActiveCfg = Debug|Any CPU
		{81680807-6B17-4261-BD61-B42E25451679}.Debug|Any CPU.Build.0 = Debug|Any CPU
		{81680807-6B17-4261-BD61-B42E25451679}.Debug|x64.ActiveCfg = Debug|Any CPU
		{81680807-6B17-4261-BD61-B42E25451679}.Debug|x64.Build.0 = Debug|Any CPU
		{81680807-6B17-4261-BD61-B42E25451679}.Debug|x86.ActiveCfg = Debug|Any CPU
		{81680807-6B17-4261-BD61-B42E25451679}.Debug|x86.Build.0 = Debug|Any CPU
		{81680807-6B17-4261-BD61-B42E25451679}.Release|Any CPU.ActiveCfg = Release|Any CPU
		{81680807-6B17-4261-BD61-B42E25451679}.Release|Any CPU.Build.0 = Release|Any CPU
		{81680807-6B17-4261-BD61-B42E25451679}.Release|x64.ActiveCfg = Release|Any CPU
		{81680807-6B17-4261-BD61-B42E25451679}.Release|x64.Build.0 = Release|Any CPU
		{81680807-6B17-4261-BD61-B42E25451679}.Release|x86.ActiveCfg = Release|Any CPU
		{81680807-6B17-4261-BD61-B42E25451679}.Release|x86.Build.0 = Release|Any CPU
	EndGlobalSection
	GlobalSection(SolutionProperties) = preSolution
		HideSolutionNode = FALSE
	EndGlobalSection
	GlobalSection(NestedProjects) = preSolution
		{D3EAEA0F-79DC-4915-A89E-8E93950956E5} = {827E0CD3-B72D-47B6-A68D-7590B98EB39B}
		{B79BAC75-4191-4B70-8320-BC6BD02F8F14} = {827E0CD3-B72D-47B6-A68D-7590B98EB39B}
		{D8E52B72-3417-457F-AAE2-AE949116269D} = {827E0CD3-B72D-47B6-A68D-7590B98EB39B}
		{284490D4-EAB5-42AE-8BE9-B8F523179820} = {827E0CD3-B72D-47B6-A68D-7590B98EB39B}
		{81AD2951-FBB3-4054-A6BA-3A50248AF2F2} = {827E0CD3-B72D-47B6-A68D-7590B98EB39B}
		{3DCC10D1-26C7-458B-B50C-40345A12117B} = {0C88DD14-F956-CE84-757C-A364CCF449FC}
		{06CE7CE3-A9CD-49BD-84A8-A94772DADE80} = {827E0CD3-B72D-47B6-A68D-7590B98EB39B}
		{41727FA1-1592-48CF-9066-B41226A37C2A} = {827E0CD3-B72D-47B6-A68D-7590B98EB39B}
		{7488CD53-22CF-467F-AE01-9357DD52B805} = {827E0CD3-B72D-47B6-A68D-7590B98EB39B}
		{81680807-6B17-4261-BD61-B42E25451679} = {827E0CD3-B72D-47B6-A68D-7590B98EB39B}
	EndGlobalSection
EndGlobal
